// !$*UTF8*$!
{
	archiveVersion = 1;
	classes = {
	};
	objectVersion = 56;
	objects = {

/* Begin PBXBuildFile section */
		9B39C7722D25DCD300C7D707 /* _0KApp.swift in Sources */ = {isa = PBXBuildFile; fileRef = 9B39C7712D25DCD300C7D707 /* _0KApp.swift */; };
		9B39C7762D25DCD400C7D707 /* Assets.xcassets in Resources */ = {isa = PBXBuildFile; fileRef = 9B39C7752D25DCD400C7D707 /* Assets.xcassets */; };
		9B39C7792D25DCD400C7D707 /* Preview Assets.xcassets in Resources */ = {isa = PBXBuildFile; fileRef = 9B39C7782D25DCD400C7D707 /* Preview Assets.xcassets */; };
		9B4345602D26BEFC00ABFA86 /* GoalDetailView.swift in Sources */ = {isa = PBXBuildFile; fileRef = 9B43455F2D26BEFC00ABFA86 /* GoalDetailView.swift */; };
		9B4345622D26C79C00ABFA86 /* EditGoalView.swift in Sources */ = {isa = PBXBuildFile; fileRef = 9B4345612D26C79C00ABFA86 /* EditGoalView.swift */; };
		9B9A6B0F2D269CFB00CB60A1 /* RootView.swift in Sources */ = {isa = PBXBuildFile; fileRef = 9B9A6B0E2D269CFB00CB60A1 /* RootView.swift */; };
		9BFB13232D25E21B00F2E81B /* Extentions.swift in Sources */ = {isa = PBXBuildFile; fileRef = 9BFB13222D25E21B00F2E81B /* Extentions.swift */; };
		9BFB13272D25E32800F2E81B /* AddGoalView.swift in Sources */ = {isa = PBXBuildFile; fileRef = 9BFB13262D25E32800F2E81B /* AddGoalView.swift */; };
		9BFB13292D25E3E200F2E81B /* GoalViewModel.swift in Sources */ = {isa = PBXBuildFile; fileRef = 9BFB13282D25E3E200F2E81B /* GoalViewModel.swift */; };
		9BFB132C2D25E4F800F2E81B /* CoreDataModel.xcdatamodeld in Sources */ = {isa = PBXBuildFile; fileRef = 9BFB132A2D25E4F800F2E81B /* CoreDataModel.xcdatamodeld */; };
/* End PBXBuildFile section */

/* Begin PBXFileReference section */
		9B39C76E2D25DCD300C7D707 /* 10K.app */ = {isa = PBXFileReference; explicitFileType = wrapper.application; includeInIndex = 0; path = 10K.app; sourceTree = BUILT_PRODUCTS_DIR; };
		9B39C7712D25DCD300C7D707 /* _0KApp.swift */ = {isa = PBXFileReference; lastKnownFileType = sourcecode.swift; path = _0KApp.swift; sourceTree = "<group>"; };
		9B39C7752D25DCD400C7D707 /* Assets.xcassets */ = {isa = PBXFileReference; lastKnownFileType = folder.assetcatalog; path = Assets.xcassets; sourceTree = "<group>"; };
		9B39C7782D25DCD400C7D707 /* Preview Assets.xcassets */ = {isa = PBXFileReference; lastKnownFileType = folder.assetcatalog; path = "Preview Assets.xcassets"; sourceTree = "<group>"; };
		9B43455F2D26BEFC00ABFA86 /* GoalDetailView.swift */ = {isa = PBXFileReference; lastKnownFileType = sourcecode.swift; path = GoalDetailView.swift; sourceTree = "<group>"; };
		9B4345612D26C79C00ABFA86 /* EditGoalView.swift */ = {isa = PBXFileReference; lastKnownFileType = sourcecode.swift; path = EditGoalView.swift; sourceTree = "<group>"; };
		9B9A6B0E2D269CFB00CB60A1 /* RootView.swift */ = {isa = PBXFileReference; lastKnownFileType = sourcecode.swift; path = RootView.swift; sourceTree = "<group>"; };
		9BFB13222D25E21B00F2E81B /* Extentions.swift */ = {isa = PBXFileReference; lastKnownFileType = sourcecode.swift; path = Extentions.swift; sourceTree = "<group>"; };
		9BFB13262D25E32800F2E81B /* AddGoalView.swift */ = {isa = PBXFileReference; lastKnownFileType = sourcecode.swift; path = AddGoalView.swift; sourceTree = "<group>"; };
		9BFB13282D25E3E200F2E81B /* GoalViewModel.swift */ = {isa = PBXFileReference; lastKnownFileType = sourcecode.swift; path = GoalViewModel.swift; sourceTree = "<group>"; };
		9BFB132B2D25E4F800F2E81B /* CoreDataModel.xcdatamodel */ = {isa = PBXFileReference; lastKnownFileType = wrapper.xcdatamodel; path = CoreDataModel.xcdatamodel; sourceTree = "<group>"; };
/* End PBXFileReference section */

/* Begin PBXFrameworksBuildPhase section */
		9B39C76B2D25DCD300C7D707 /* Frameworks */ = {
			isa = PBXFrameworksBuildPhase;
			buildActionMask = 2147483647;
			files = (
			);
			runOnlyForDeploymentPostprocessing = 0;
		};
/* End PBXFrameworksBuildPhase section */

/* Begin PBXGroup section */
		9B39C7652D25DCD300C7D707 = {
			isa = PBXGroup;
			children = (
				9B39C7702D25DCD300C7D707 /* 10K */,
				9B39C76F2D25DCD300C7D707 /* Products */,
			);
			sourceTree = "<group>";
		};
		9B39C76F2D25DCD300C7D707 /* Products */ = {
			isa = PBXGroup;
			children = (
				9B39C76E2D25DCD300C7D707 /* 10K.app */,
			);
			name = Products;
			sourceTree = "<group>";
		};
		9B39C7702D25DCD300C7D707 /* 10K */ = {
			isa = PBXGroup;
			children = (
				9B39C77F2D25E1D600C7D707 /* Model */,
				9B39C7802D25E1DD00C7D707 /* ViewModel */,
				9B39C7812D25E1E500C7D707 /* View */,
				9B39C7752D25DCD400C7D707 /* Assets.xcassets */,
				9B39C7772D25DCD400C7D707 /* Preview Content */,
			);
			path = 10K;
			sourceTree = "<group>";
		};
		9B39C7772D25DCD400C7D707 /* Preview Content */ = {
			isa = PBXGroup;
			children = (
				9B39C7782D25DCD400C7D707 /* Preview Assets.xcassets */,
			);
			path = "Preview Content";
			sourceTree = "<group>";
		};
		9B39C77F2D25E1D600C7D707 /* Model */ = {
			isa = PBXGroup;
			children = (
				9B39C7712D25DCD300C7D707 /* _0KApp.swift */,
				9BFB13222D25E21B00F2E81B /* Extentions.swift */,
				9BFB132A2D25E4F800F2E81B /* CoreDataModel.xcdatamodeld */,
			);
			path = Model;
			sourceTree = "<group>";
		};
		9B39C7802D25E1DD00C7D707 /* ViewModel */ = {
			isa = PBXGroup;
			children = (
				9BFB13282D25E3E200F2E81B /* GoalViewModel.swift */,
			);
			path = ViewModel;
			sourceTree = "<group>";
		};
		9B39C7812D25E1E500C7D707 /* View */ = {
			isa = PBXGroup;
			children = (
				9B43455F2D26BEFC00ABFA86 /* GoalDetailView.swift */,
				9BFB13262D25E32800F2E81B /* AddGoalView.swift */,
				9B4345612D26C79C00ABFA86 /* EditGoalView.swift */,
				9B9A6B0E2D269CFB00CB60A1 /* RootView.swift */,
			);
			path = View;
			sourceTree = "<group>";
		};
/* End PBXGroup section */

/* Begin PBXNativeTarget section */
		9B39C76D2D25DCD300C7D707 /* 10K */ = {
			isa = PBXNativeTarget;
			buildConfigurationList = 9B39C77C2D25DCD400C7D707 /* Build configuration list for PBXNativeTarget "10K" */;
			buildPhases = (
				9B39C76A2D25DCD300C7D707 /* Sources */,
				9B39C76B2D25DCD300C7D707 /* Frameworks */,
				9B39C76C2D25DCD300C7D707 /* Resources */,
			);
			buildRules = (
			);
			dependencies = (
			);
			name = 10K;
			productName = 10K;
			productReference = 9B39C76E2D25DCD300C7D707 /* 10K.app */;
			productType = "com.apple.product-type.application";
		};
/* End PBXNativeTarget section */

/* Begin PBXProject section */
		9B39C7662D25DCD300C7D707 /* Project object */ = {
			isa = PBXProject;
			attributes = {
				BuildIndependentTargetsInParallel = 1;
				LastSwiftUpdateCheck = 1540;
				LastUpgradeCheck = 1540;
				TargetAttributes = {
					9B39C76D2D25DCD300C7D707 = {
						CreatedOnToolsVersion = 15.4;
					};
				};
			};
			buildConfigurationList = 9B39C7692D25DCD300C7D707 /* Build configuration list for PBXProject "10K" */;
			compatibilityVersion = "Xcode 14.0";
			developmentRegion = en;
			hasScannedForEncodings = 0;
			knownRegions = (
				en,
				Base,
			);
			mainGroup = 9B39C7652D25DCD300C7D707;
			productRefGroup = 9B39C76F2D25DCD300C7D707 /* Products */;
			projectDirPath = "";
			projectRoot = "";
			targets = (
				9B39C76D2D25DCD300C7D707 /* 10K */,
			);
		};
/* End PBXProject section */

/* Begin PBXResourcesBuildPhase section */
		9B39C76C2D25DCD300C7D707 /* Resources */ = {
			isa = PBXResourcesBuildPhase;
			buildActionMask = 2147483647;
			files = (
				9B39C7792D25DCD400C7D707 /* Preview Assets.xcassets in Resources */,
				9B39C7762D25DCD400C7D707 /* Assets.xcassets in Resources */,
			);
			runOnlyForDeploymentPostprocessing = 0;
		};
/* End PBXResourcesBuildPhase section */

/* Begin PBXSourcesBuildPhase section */
		9B39C76A2D25DCD300C7D707 /* Sources */ = {
			isa = PBXSourcesBuildPhase;
			buildActionMask = 2147483647;
			files = (
				9B4345602D26BEFC00ABFA86 /* GoalDetailView.swift in Sources */,
				9B4345622D26C79C00ABFA86 /* EditGoalView.swift in Sources */,
				9B39C7722D25DCD300C7D707 /* _0KApp.swift in Sources */,
				9BFB13292D25E3E200F2E81B /* GoalViewModel.swift in Sources */,
				9BFB13272D25E32800F2E81B /* AddGoalView.swift in Sources */,
				9B9A6B0F2D269CFB00CB60A1 /* RootView.swift in Sources */,
				9BFB132C2D25E4F800F2E81B /* CoreDataModel.xcdatamodeld in Sources */,
				9BFB13232D25E21B00F2E81B /* Extentions.swift in Sources */,
			);
			runOnlyForDeploymentPostprocessing = 0;
		};
/* End PBXSourcesBuildPhase section */

/* Begin XCBuildConfiguration section */
		9B39C77A2D25DCD400C7D707 /* Debug */ = {
			isa = XCBuildConfiguration;
			buildSettings = {
				ALWAYS_SEARCH_USER_PATHS = NO;
				ASSETCATALOG_COMPILER_GENERATE_SWIFT_ASSET_SYMBOL_EXTENSIONS = YES;
				CLANG_ANALYZER_NONNULL = YES;
				CLANG_ANALYZER_NUMBER_OBJECT_CONVERSION = YES_AGGRESSIVE;
				CLANG_CXX_LANGUAGE_STANDARD = "gnu++20";
				CLANG_ENABLE_MODULES = YES;
				CLANG_ENABLE_OBJC_ARC = YES;
				CLANG_ENABLE_OBJC_WEAK = YES;
				CLANG_WARN_BLOCK_CAPTURE_AUTORELEASING = YES;
				CLANG_WARN_BOOL_CONVERSION = YES;
				CLANG_WARN_COMMA = YES;
				CLANG_WARN_CONSTANT_CONVERSION = YES;
				CLANG_WARN_DEPRECATED_OBJC_IMPLEMENTATIONS = YES;
				CLANG_WARN_DIRECT_OBJC_ISA_USAGE = YES_ERROR;
				CLANG_WARN_DOCUMENTATION_COMMENTS = YES;
				CLANG_WARN_EMPTY_BODY = YES;
				CLANG_WARN_ENUM_CONVERSION = YES;
				CLANG_WARN_INFINITE_RECURSION = YES;
				CLANG_WARN_INT_CONVERSION = YES;
				CLANG_WARN_NON_LITERAL_NULL_CONVERSION = YES;
				CLANG_WARN_OBJC_IMPLICIT_RETAIN_SELF = YES;
				CLANG_WARN_OBJC_LITERAL_CONVERSION = YES;
				CLANG_WARN_OBJC_ROOT_CLASS = YES_ERROR;
				CLANG_WARN_QUOTED_INCLUDE_IN_FRAMEWORK_HEADER = YES;
				CLANG_WARN_RANGE_LOOP_ANALYSIS = YES;
				CLANG_WARN_STRICT_PROTOTYPES = YES;
				CLANG_WARN_SUSPICIOUS_MOVE = YES;
				CLANG_WARN_UNGUARDED_AVAILABILITY = YES_AGGRESSIVE;
				CLANG_WARN_UNREACHABLE_CODE = YES;
				CLANG_WARN__DUPLICATE_METHOD_MATCH = YES;
				COPY_PHASE_STRIP = NO;
				DEBUG_INFORMATION_FORMAT = dwarf;
				ENABLE_STRICT_OBJC_MSGSEND = YES;
				ENABLE_TESTABILITY = YES;
				ENABLE_USER_SCRIPT_SANDBOXING = YES;
				GCC_C_LANGUAGE_STANDARD = gnu17;
				GCC_DYNAMIC_NO_PIC = NO;
				GCC_NO_COMMON_BLOCKS = YES;
				GCC_OPTIMIZATION_LEVEL = 0;
				GCC_PREPROCESSOR_DEFINITIONS = (
					"DEBUG=1",
					"$(inherited)",
				);
				GCC_WARN_64_TO_32_BIT_CONVERSION = YES;
				GCC_WARN_ABOUT_RETURN_TYPE = YES_ERROR;
				GCC_WARN_UNDECLARED_SELECTOR = YES;
				GCC_WARN_UNINITIALIZED_AUTOS = YES_AGGRESSIVE;
				GCC_WARN_UNUSED_FUNCTION = YES;
				GCC_WARN_UNUSED_VARIABLE = YES;
				IPHONEOS_DEPLOYMENT_TARGET = 17.5;
				LOCALIZATION_PREFERS_STRING_CATALOGS = YES;
				MTL_ENABLE_DEBUG_INFO = INCLUDE_SOURCE;
				MTL_FAST_MATH = YES;
				ONLY_ACTIVE_ARCH = YES;
				SDKROOT = iphoneos;
				SWIFT_ACTIVE_COMPILATION_CONDITIONS = "DEBUG $(inherited)";
				SWIFT_OPTIMIZATION_LEVEL = "-Onone";
			};
			name = Debug;
		};
		9B39C77B2D25DCD400C7D707 /* Release */ = {
			isa = XCBuildConfiguration;
			buildSettings = {
				ALWAYS_SEARCH_USER_PATHS = NO;
				ASSETCATALOG_COMPILER_GENERATE_SWIFT_ASSET_SYMBOL_EXTENSIONS = YES;
				CLANG_ANALYZER_NONNULL = YES;
				CLANG_ANALYZER_NUMBER_OBJECT_CONVERSION = YES_AGGRESSIVE;
				CLANG_CXX_LANGUAGE_STANDARD = "gnu++20";
				CLANG_ENABLE_MODULES = YES;
				CLANG_ENABLE_OBJC_ARC = YES;
				CLANG_ENABLE_OBJC_WEAK = YES;
				CLANG_WARN_BLOCK_CAPTURE_AUTORELEASING = YES;
				CLANG_WARN_BOOL_CONVERSION = YES;
				CLANG_WARN_COMMA = YES;
				CLANG_WARN_CONSTANT_CONVERSION = YES;
				CLANG_WARN_DEPRECATED_OBJC_IMPLEMENTATIONS = YES;
				CLANG_WARN_DIRECT_OBJC_ISA_USAGE = YES_ERROR;
				CLANG_WARN_DOCUMENTATION_COMMENTS = YES;
				CLANG_WARN_EMPTY_BODY = YES;
				CLANG_WARN_ENUM_CONVERSION = YES;
				CLANG_WARN_INFINITE_RECURSION = YES;
				CLANG_WARN_INT_CONVERSION = YES;
				CLANG_WARN_NON_LITERAL_NULL_CONVERSION = YES;
				CLANG_WARN_OBJC_IMPLICIT_RETAIN_SELF = YES;
				CLANG_WARN_OBJC_LITERAL_CONVERSION = YES;
				CLANG_WARN_OBJC_ROOT_CLASS = YES_ERROR;
				CLANG_WARN_QUOTED_INCLUDE_IN_FRAMEWORK_HEADER = YES;
				CLANG_WARN_RANGE_LOOP_ANALYSIS = YES;
				CLANG_WARN_STRICT_PROTOTYPES = YES;
				CLANG_WARN_SUSPICIOUS_MOVE = YES;
				CLANG_WARN_UNGUARDED_AVAILABILITY = YES_AGGRESSIVE;
				CLANG_WARN_UNREACHABLE_CODE = YES;
				CLANG_WARN__DUPLICATE_METHOD_MATCH = YES;
				COPY_PHASE_STRIP = NO;
				DEBUG_INFORMATION_FORMAT = "dwarf-with-dsym";
				ENABLE_NS_ASSERTIONS = NO;
				ENABLE_STRICT_OBJC_MSGSEND = YES;
				ENABLE_USER_SCRIPT_SANDBOXING = YES;
				GCC_C_LANGUAGE_STANDARD = gnu17;
				GCC_NO_COMMON_BLOCKS = YES;
				GCC_WARN_64_TO_32_BIT_CONVERSION = YES;
				GCC_WARN_ABOUT_RETURN_TYPE = YES_ERROR;
				GCC_WARN_UNDECLARED_SELECTOR = YES;
				GCC_WARN_UNINITIALIZED_AUTOS = YES_AGGRESSIVE;
				GCC_WARN_UNUSED_FUNCTION = YES;
				GCC_WARN_UNUSED_VARIABLE = YES;
				IPHONEOS_DEPLOYMENT_TARGET = 17.5;
				LOCALIZATION_PREFERS_STRING_CATALOGS = YES;
				MTL_ENABLE_DEBUG_INFO = NO;
				MTL_FAST_MATH = YES;
				SDKROOT = iphoneos;
				SWIFT_COMPILATION_MODE = wholemodule;
				VALIDATE_PRODUCT = YES;
			};
			name = Release;
		};
		9B39C77D2D25DCD400C7D707 /* Debug */ = {
			isa = XCBuildConfiguration;
			buildSettings = {
				ASSETCATALOG_COMPILER_APPICON_NAME = AppIcon;
				ASSETCATALOG_COMPILER_GLOBAL_ACCENT_COLOR_NAME = AccentColor;
				CODE_SIGN_STYLE = Automatic;
				CURRENT_PROJECT_VERSION = 1;
				DEVELOPMENT_ASSET_PATHS = "\"10K/Preview Content\"";
				DEVELOPMENT_TEAM = M68A594A7Q;
				ENABLE_PREVIEWS = YES;
				GENERATE_INFOPLIST_FILE = YES;
				INFOPLIST_KEY_UIApplicationSceneManifest_Generation = YES;
				INFOPLIST_KEY_UIApplicationSupportsIndirectInputEvents = YES;
				INFOPLIST_KEY_UILaunchScreen_Generation = YES;
				INFOPLIST_KEY_UISupportedInterfaceOrientations_iPad = "UIInterfaceOrientationPortrait UIInterfaceOrientationPortraitUpsideDown UIInterfaceOrientationLandscapeLeft UIInterfaceOrientationLandscapeRight";
				INFOPLIST_KEY_UISupportedInterfaceOrientations_iPhone = "UIInterfaceOrientationPortrait UIInterfaceOrientationLandscapeLeft UIInterfaceOrientationLandscapeRight";
				LD_RUNPATH_SEARCH_PATHS = (
					"$(inherited)",
					"@executable_path/Frameworks",
				);
				MARKETING_VERSION = 1.0;
				PRODUCT_BUNDLE_IDENTIFIER = "com.-0K";
				PRODUCT_NAME = "$(TARGET_NAME)";
				SWIFT_EMIT_LOC_STRINGS = YES;
				SWIFT_VERSION = 5.0;
				TARGETED_DEVICE_FAMILY = "1,2";
			};
			name = Debug;
		};
		9B39C77E2D25DCD400C7D707 /* Release */ = {
			isa = XCBuildConfiguration;
			buildSettings = {
				ASSETCATALOG_COMPILER_APPICON_NAME = AppIcon;
				ASSETCATALOG_COMPILER_GLOBAL_ACCENT_COLOR_NAME = AccentColor;
				CODE_SIGN_STYLE = Automatic;
				CURRENT_PROJECT_VERSION = 1;
				DEVELOPMENT_ASSET_PATHS = "\"10K/Preview Content\"";
				DEVELOPMENT_TEAM = M68A594A7Q;
				ENABLE_PREVIEWS = YES;
				GENERATE_INFOPLIST_FILE = YES;
				INFOPLIST_KEY_UIApplicationSceneManifest_Generation = YES;
				INFOPLIST_KEY_UIApplicationSupportsIndirectInputEvents = YES;
				INFOPLIST_KEY_UILaunchScreen_Generation = YES;
				INFOPLIST_KEY_UISupportedInterfaceOrientations_iPad = "UIInterfaceOrientationPortrait UIInterfaceOrientationPortraitUpsideDown UIInterfaceOrientationLandscapeLeft UIInterfaceOrientationLandscapeRight";
				INFOPLIST_KEY_UISupportedInterfaceOrientations_iPhone = "UIInterfaceOrientationPortrait UIInterfaceOrientationLandscapeLeft UIInterfaceOrientationLandscapeRight";
				LD_RUNPATH_SEARCH_PATHS = (
					"$(inherited)",
					"@executable_path/Frameworks",
				);
				MARKETING_VERSION = 1.0;
				PRODUCT_BUNDLE_IDENTIFIER = "com.-0K";
				PRODUCT_NAME = "$(TARGET_NAME)";
				SWIFT_EMIT_LOC_STRINGS = YES;
				SWIFT_VERSION = 5.0;
				TARGETED_DEVICE_FAMILY = "1,2";
			};
			name = Release;
		};
/* End XCBuildConfiguration section */

/* Begin XCConfigurationList section */
		9B39C7692D25DCD300C7D707 /* Build configuration list for PBXProject "10K" */ = {
			isa = XCConfigurationList;
			buildConfigurations = (
				9B39C77A2D25DCD400C7D707 /* Debug */,
				9B39C77B2D25DCD400C7D707 /* Release */,
			);
			defaultConfigurationIsVisible = 0;
			defaultConfigurationName = Release;
		};
		9B39C77C2D25DCD400C7D707 /* Build configuration list for PBXNativeTarget "10K" */ = {
			isa = XCConfigurationList;
			buildConfigurations = (
				9B39C77D2D25DCD400C7D707 /* Debug */,
				9B39C77E2D25DCD400C7D707 /* Release */,
			);
			defaultConfigurationIsVisible = 0;
			defaultConfigurationName = Release;
		};
/* End XCConfigurationList section */

/* Begin XCVersionGroup section */
		9BFB132A2D25E4F800F2E81B /* CoreDataModel.xcdatamodeld */ = {
			isa = XCVersionGroup;
			children = (
				9BFB132B2D25E4F800F2E81B /* CoreDataModel.xcdatamodel */,
			);
			currentVersion = 9BFB132B2D25E4F800F2E81B /* CoreDataModel.xcdatamodel */;
			name = CoreDataModel.xcdatamodeld;
			path = "/Users/metalwillhelpyou/Swift/projects/UI/In Progress/10K/10K/Model/CoreDataModel.xcdatamodeld";
			sourceTree = "<group>";
			versionGroupType = wrapper.xcdatamodel;
		};
/* End XCVersionGroup section */
	};
	rootObject = 9B39C7662D25DCD300C7D707 /* Project object */;
}
